
Microsoft Visual Studio Solution File, Format Version 12.00
# Visual Studio Version 17
VisualStudioVersion = 17.4.33110.190
MinimumVisualStudioVersion = 10.0.40219.1
Project("{FAE04EC0-301F-11D3-BF4B-00C04F79EFBC}") = "PhilosophersAndSpaghetti", "PhilosophersAndSpaghetti\PhilosophersAndSpaghetti.csproj", "{C2B0B014-7800-400A-8199-6C7979B87475}"
EndProject
Global
	GlobalSection(SolutionConfigurationPlatforms) = preSolution
		Debug|Any CPU = Debug|Any CPU
		Release|Any CPU = Release|Any CPU
	EndGlobalSection
	GlobalSection(ProjectConfigurationPlatforms) = postSolution
		{C2B0B014-7800-400A-8199-6C7979B87475}.Debug|Any CPU.ActiveCfg = Debug|Any CPU
		{C2B0B014-7800-400A-8199-6C7979B87475}.Debug|Any CPU.Build.0 = Debug|Any CPU
		{C2B0B014-7800-400A-8199-6C7979B87475}.Release|Any CPU.ActiveCfg = Release|Any CPU
		{C2B0B014-7800-400A-8199-6C7979B87475}.Release|Any CPU.Build.0 = Release|Any CPU
	EndGlobalSection
	GlobalSection(SolutionProperties) = preSolution
		HideSolutionNode = FALSE
	EndGlobalSection
	GlobalSection(ExtensibilityGlobals) = postSolution
		SolutionGuid = {1806053F-F29C-4240-903D-F3C0BE164924}
	EndGlobalSection
EndGlobal
